
Microsoft Visual Studio Solution File, Format Version 9.00
# Visual Studio 2005
Project("{FAE04EC0-301F-11D3-BF4B-00C04F79EFBC}") = "EVEMon", "EVEMon.csproj", "{A2E5EFE0-614A-4567-95E5-92A4D94169AC}"
	ProjectSection(ProjectDependencies) = postProject
		{696E929A-6A4A-4C6D-A8B2-C4F25F781940} = {696E929A-6A4A-4C6D-A8B2-C4F25F781940}
	EndProjectSection
EndProject
Project("{FAE04EC0-301F-11D3-BF4B-00C04F79EFBC}") = "EVEMon.Common", "EVEMon.Common\EVEMon.Common.csproj", "{C0665275-3E0B-4117-81B0-751206ED03CD}"
EndProject
Project("{FAE04EC0-301F-11D3-BF4B-00C04F79EFBC}") = "EVEMon.NetworkLogger", "EVEMon.NetworkLogger\EVEMon.NetworkLogger.csproj", "{45877BAD-6688-42DF-A110-DBE9839F99D0}"
EndProject
Project("{FAE04EC0-301F-11D3-BF4B-00C04F79EFBC}") = "EVEMon.WindowRelocator", "EVEMon.WindowRelocator\EVEMon.WindowRelocator.csproj", "{F0627E15-E8DF-404F-BF82-C48D890F9C5C}"
	ProjectSection(ProjectDependencies) = postProject
		{F9553086-E8BE-463B-9A68-1F7794EB060D} = {F9553086-E8BE-463B-9A68-1F7794EB060D}
	EndProjectSection
EndProject
Project("{FAE04EC0-301F-11D3-BF4B-00C04F79EFBC}") = "EVEMon.Sales", "EVEMon.Sales\EVEMon.Sales.csproj", "{097C8821-39BB-446D-87E1-5D24E9115CFB}"
EndProject
Project("{FAE04EC0-301F-11D3-BF4B-00C04F79EFBC}") = "EVEMonInstallBuilder", "EVEMonInstallBuilder\EVEMonInstallBuilder.csproj", "{5CE8E302-3577-41BC-A35F-C88AC625F7A7}"
EndProject
Project("{FAE04EC0-301F-11D3-BF4B-00C04F79EFBC}") = "EVEMon.LogitechG15", "EveMon.LogitechG15\EVEMon.LogitechG15.csproj", "{3067BDFB-C02D-4CAF-96AA-4D8F9F986180}"
	ProjectSection(ProjectDependencies) = postProject
		{4DC1603E-1EB1-40BE-AF82-637820765659} = {4DC1603E-1EB1-40BE-AF82-637820765659}
	EndProjectSection
EndProject
Project("{8BC9CEB8-8B4A-11D0-8D11-00A0C91BC942}") = "lgLcdClassLibrary", "lgLcdClassLibrary\lgLcdClassLibrary.vcproj", "{4DC1603E-1EB1-40BE-AF82-637820765659}"
EndProject
Project("{8BC9CEB8-8B4A-11D0-8D11-00A0C91BC942}") = "EVEMon.WinHook", "EVEMon.WinHook\EVEMon.WinHook.vcproj", "{F9553086-E8BE-463B-9A68-1F7794EB060D}"
EndProject
Project("{FAE04EC0-301F-11D3-BF4B-00C04F79EFBC}") = "EVEMon.PieChart", "EVEMon.PieChart\EVEMon.PieChart.csproj", "{696E929A-6A4A-4C6D-A8B2-C4F25F781940}"
EndProject
Project("{FAE04EC0-301F-11D3-BF4B-00C04F79EFBC}") = "Tests.EVEMon", "Tests.EVEMon\Tests.EVEMon.csproj", "{C61CB94F-31DF-48BE-8053-FCE7DC6ECD7F}"
EndProject
Global
	GlobalSection(SolutionConfigurationPlatforms) = preSolution
		Debug|Any CPU = Debug|Any CPU
		Debug|Mixed Platforms = Debug|Mixed Platforms
		Debug|Win32 = Debug|Win32
		Debug|x86 = Debug|x86
		Release|Any CPU = Release|Any CPU
		Release|Mixed Platforms = Release|Mixed Platforms
		Release|Win32 = Release|Win32
		Release|x86 = Release|x86
	EndGlobalSection
	GlobalSection(ProjectConfigurationPlatforms) = postSolution
		{A2E5EFE0-614A-4567-95E5-92A4D94169AC}.Debug|Any CPU.ActiveCfg = Debug|x86
		{A2E5EFE0-614A-4567-95E5-92A4D94169AC}.Debug|Any CPU.Build.0 = Debug|x86
		{A2E5EFE0-614A-4567-95E5-92A4D94169AC}.Debug|Mixed Platforms.ActiveCfg = Debug|x86
		{A2E5EFE0-614A-4567-95E5-92A4D94169AC}.Debug|Mixed Platforms.Build.0 = Debug|x86
		{A2E5EFE0-614A-4567-95E5-92A4D94169AC}.Debug|Win32.ActiveCfg = Debug|x86
		{A2E5EFE0-614A-4567-95E5-92A4D94169AC}.Debug|x86.ActiveCfg = Debug|x86
		{A2E5EFE0-614A-4567-95E5-92A4D94169AC}.Debug|x86.Build.0 = Debug|x86
		{A2E5EFE0-614A-4567-95E5-92A4D94169AC}.Release|Any CPU.ActiveCfg = Release|x86
		{A2E5EFE0-614A-4567-95E5-92A4D94169AC}.Release|Any CPU.Build.0 = Release|x86
		{A2E5EFE0-614A-4567-95E5-92A4D94169AC}.Release|Mixed Platforms.ActiveCfg = Release|x86
		{A2E5EFE0-614A-4567-95E5-92A4D94169AC}.Release|Mixed Platforms.Build.0 = Release|x86
		{A2E5EFE0-614A-4567-95E5-92A4D94169AC}.Release|Win32.ActiveCfg = Release|x86
		{A2E5EFE0-614A-4567-95E5-92A4D94169AC}.Release|x86.ActiveCfg = Release|x86
		{A2E5EFE0-614A-4567-95E5-92A4D94169AC}.Release|x86.Build.0 = Release|x86
		{C0665275-3E0B-4117-81B0-751206ED03CD}.Debug|Any CPU.ActiveCfg = Debug|x86
		{C0665275-3E0B-4117-81B0-751206ED03CD}.Debug|Any CPU.Build.0 = Debug|x86
		{C0665275-3E0B-4117-81B0-751206ED03CD}.Debug|Mixed Platforms.ActiveCfg = Debug|x86
		{C0665275-3E0B-4117-81B0-751206ED03CD}.Debug|Mixed Platforms.Build.0 = Debug|x86
		{C0665275-3E0B-4117-81B0-751206ED03CD}.Debug|Win32.ActiveCfg = Debug|x86
		{C0665275-3E0B-4117-81B0-751206ED03CD}.Debug|x86.ActiveCfg = Debug|x86
		{C0665275-3E0B-4117-81B0-751206ED03CD}.Debug|x86.Build.0 = Debug|x86
		{C0665275-3E0B-4117-81B0-751206ED03CD}.Release|Any CPU.ActiveCfg = Release|x86
		{C0665275-3E0B-4117-81B0-751206ED03CD}.Release|Any CPU.Build.0 = Release|x86
		{C0665275-3E0B-4117-81B0-751206ED03CD}.Release|Mixed Platforms.ActiveCfg = Release|x86
		{C0665275-3E0B-4117-81B0-751206ED03CD}.Release|Mixed Platforms.Build.0 = Release|x86
		{C0665275-3E0B-4117-81B0-751206ED03CD}.Release|Win32.ActiveCfg = Release|x86
		{C0665275-3E0B-4117-81B0-751206ED03CD}.Release|x86.ActiveCfg = Release|x86
		{C0665275-3E0B-4117-81B0-751206ED03CD}.Release|x86.Build.0 = Release|x86
		{45877BAD-6688-42DF-A110-DBE9839F99D0}.Debug|Any CPU.ActiveCfg = Debug|x86
		{45877BAD-6688-42DF-A110-DBE9839F99D0}.Debug|Any CPU.Build.0 = Debug|x86
		{45877BAD-6688-42DF-A110-DBE9839F99D0}.Debug|Mixed Platforms.ActiveCfg = Debug|x86
		{45877BAD-6688-42DF-A110-DBE9839F99D0}.Debug|Mixed Platforms.Build.0 = Debug|x86
		{45877BAD-6688-42DF-A110-DBE9839F99D0}.Debug|Win32.ActiveCfg = Debug|x86
		{45877BAD-6688-42DF-A110-DBE9839F99D0}.Debug|x86.ActiveCfg = Debug|x86
		{45877BAD-6688-42DF-A110-DBE9839F99D0}.Debug|x86.Build.0 = Debug|x86
		{45877BAD-6688-42DF-A110-DBE9839F99D0}.Release|Any CPU.ActiveCfg = Release|x86
		{45877BAD-6688-42DF-A110-DBE9839F99D0}.Release|Any CPU.Build.0 = Release|x86
		{45877BAD-6688-42DF-A110-DBE9839F99D0}.Release|Mixed Platforms.ActiveCfg = Release|x86
		{45877BAD-6688-42DF-A110-DBE9839F99D0}.Release|Mixed Platforms.Build.0 = Release|x86
		{45877BAD-6688-42DF-A110-DBE9839F99D0}.Release|Win32.ActiveCfg = Release|x86
		{45877BAD-6688-42DF-A110-DBE9839F99D0}.Release|x86.ActiveCfg = Release|x86
		{45877BAD-6688-42DF-A110-DBE9839F99D0}.Release|x86.Build.0 = Release|x86
		{F0627E15-E8DF-404F-BF82-C48D890F9C5C}.Debug|Any CPU.ActiveCfg = Debug|x86
		{F0627E15-E8DF-404F-BF82-C48D890F9C5C}.Debug|Any CPU.Build.0 = Debug|x86
		{F0627E15-E8DF-404F-BF82-C48D890F9C5C}.Debug|Mixed Platforms.ActiveCfg = Debug|x86
		{F0627E15-E8DF-404F-BF82-C48D890F9C5C}.Debug|Mixed Platforms.Build.0 = Debug|x86
		{F0627E15-E8DF-404F-BF82-C48D890F9C5C}.Debug|Win32.ActiveCfg = Debug|x86
		{F0627E15-E8DF-404F-BF82-C48D890F9C5C}.Debug|x86.ActiveCfg = Debug|x86
		{F0627E15-E8DF-404F-BF82-C48D890F9C5C}.Debug|x86.Build.0 = Debug|x86
		{F0627E15-E8DF-404F-BF82-C48D890F9C5C}.Release|Any CPU.ActiveCfg = Release|x86
		{F0627E15-E8DF-404F-BF82-C48D890F9C5C}.Release|Any CPU.Build.0 = Release|x86
		{F0627E15-E8DF-404F-BF82-C48D890F9C5C}.Release|Mixed Platforms.ActiveCfg = Release|x86
		{F0627E15-E8DF-404F-BF82-C48D890F9C5C}.Release|Mixed Platforms.Build.0 = Release|x86
		{F0627E15-E8DF-404F-BF82-C48D890F9C5C}.Release|Win32.ActiveCfg = Release|x86
		{F0627E15-E8DF-404F-BF82-C48D890F9C5C}.Release|x86.ActiveCfg = Release|x86
		{F0627E15-E8DF-404F-BF82-C48D890F9C5C}.Release|x86.Build.0 = Release|x86
		{097C8821-39BB-446D-87E1-5D24E9115CFB}.Debug|Any CPU.ActiveCfg = Debug|x86
		{097C8821-39BB-446D-87E1-5D24E9115CFB}.Debug|Any CPU.Build.0 = Debug|x86
		{097C8821-39BB-446D-87E1-5D24E9115CFB}.Debug|Mixed Platforms.ActiveCfg = Debug|x86
		{097C8821-39BB-446D-87E1-5D24E9115CFB}.Debug|Mixed Platforms.Build.0 = Debug|x86
		{097C8821-39BB-446D-87E1-5D24E9115CFB}.Debug|Win32.ActiveCfg = Debug|x86
		{097C8821-39BB-446D-87E1-5D24E9115CFB}.Debug|x86.ActiveCfg = Debug|x86
		{097C8821-39BB-446D-87E1-5D24E9115CFB}.Debug|x86.Build.0 = Debug|x86
		{097C8821-39BB-446D-87E1-5D24E9115CFB}.Release|Any CPU.ActiveCfg = Release|x86
		{097C8821-39BB-446D-87E1-5D24E9115CFB}.Release|Any CPU.Build.0 = Release|x86
		{097C8821-39BB-446D-87E1-5D24E9115CFB}.Release|Mixed Platforms.ActiveCfg = Release|x86
		{097C8821-39BB-446D-87E1-5D24E9115CFB}.Release|Mixed Platforms.Build.0 = Release|x86
		{097C8821-39BB-446D-87E1-5D24E9115CFB}.Release|Win32.ActiveCfg = Release|x86
		{097C8821-39BB-446D-87E1-5D24E9115CFB}.Release|x86.ActiveCfg = Release|x86
		{097C8821-39BB-446D-87E1-5D24E9115CFB}.Release|x86.Build.0 = Release|x86
		{5CE8E302-3577-41BC-A35F-C88AC625F7A7}.Debug|Any CPU.ActiveCfg = Debug|x86
		{5CE8E302-3577-41BC-A35F-C88AC625F7A7}.Debug|Mixed Platforms.ActiveCfg = Debug|x86
		{5CE8E302-3577-41BC-A35F-C88AC625F7A7}.Debug|Mixed Platforms.Build.0 = Debug|x86
		{5CE8E302-3577-41BC-A35F-C88AC625F7A7}.Debug|Win32.ActiveCfg = Debug|x86
		{5CE8E302-3577-41BC-A35F-C88AC625F7A7}.Debug|x86.ActiveCfg = Debug|x86
		{5CE8E302-3577-41BC-A35F-C88AC625F7A7}.Debug|x86.Build.0 = Debug|x86
		{5CE8E302-3577-41BC-A35F-C88AC625F7A7}.Release|Any CPU.ActiveCfg = Release|x86
		{5CE8E302-3577-41BC-A35F-C88AC625F7A7}.Release|Mixed Platforms.ActiveCfg = Release|x86
		{5CE8E302-3577-41BC-A35F-C88AC625F7A7}.Release|Mixed Platforms.Build.0 = Release|x86
		{5CE8E302-3577-41BC-A35F-C88AC625F7A7}.Release|Win32.ActiveCfg = Release|x86
		{5CE8E302-3577-41BC-A35F-C88AC625F7A7}.Release|x86.ActiveCfg = Release|x86
		{5CE8E302-3577-41BC-A35F-C88AC625F7A7}.Release|x86.Build.0 = Release|x86
		{3067BDFB-C02D-4CAF-96AA-4D8F9F986180}.Debug|Any CPU.ActiveCfg = Debug|x86
		{3067BDFB-C02D-4CAF-96AA-4D8F9F986180}.Debug|Any CPU.Build.0 = Debug|x86
		{3067BDFB-C02D-4CAF-96AA-4D8F9F986180}.Debug|Mixed Platforms.ActiveCfg = Debug|x86
		{3067BDFB-C02D-4CAF-96AA-4D8F9F986180}.Debug|Mixed Platforms.Build.0 = Debug|x86
		{3067BDFB-C02D-4CAF-96AA-4D8F9F986180}.Debug|Win32.ActiveCfg = Debug|x86
		{3067BDFB-C02D-4CAF-96AA-4D8F9F986180}.Debug|x86.ActiveCfg = Debug|x86
		{3067BDFB-C02D-4CAF-96AA-4D8F9F986180}.Debug|x86.Build.0 = Debug|x86
		{3067BDFB-C02D-4CAF-96AA-4D8F9F986180}.Release|Any CPU.ActiveCfg = Release|x86
		{3067BDFB-C02D-4CAF-96AA-4D8F9F986180}.Release|Any CPU.Build.0 = Release|x86
		{3067BDFB-C02D-4CAF-96AA-4D8F9F986180}.Release|Mixed Platforms.ActiveCfg = Release|x86
		{3067BDFB-C02D-4CAF-96AA-4D8F9F986180}.Release|Mixed Platforms.Build.0 = Release|x86
		{3067BDFB-C02D-4CAF-96AA-4D8F9F986180}.Release|Win32.ActiveCfg = Release|x86
		{3067BDFB-C02D-4CAF-96AA-4D8F9F986180}.Release|x86.ActiveCfg = Release|x86
		{3067BDFB-C02D-4CAF-96AA-4D8F9F986180}.Release|x86.Build.0 = Release|x86
		{4DC1603E-1EB1-40BE-AF82-637820765659}.Debug|Any CPU.ActiveCfg = Debug|Win32
		{4DC1603E-1EB1-40BE-AF82-637820765659}.Debug|Any CPU.Build.0 = Debug|Win32
		{4DC1603E-1EB1-40BE-AF82-637820765659}.Debug|Mixed Platforms.ActiveCfg = Debug|Win32
		{4DC1603E-1EB1-40BE-AF82-637820765659}.Debug|Mixed Platforms.Build.0 = Debug|Win32
		{4DC1603E-1EB1-40BE-AF82-637820765659}.Debug|Win32.ActiveCfg = Debug|Win32
		{4DC1603E-1EB1-40BE-AF82-637820765659}.Debug|Win32.Build.0 = Debug|Win32
		{4DC1603E-1EB1-40BE-AF82-637820765659}.Debug|x86.ActiveCfg = Debug|Win32
		{4DC1603E-1EB1-40BE-AF82-637820765659}.Debug|x86.Build.0 = Debug|Win32
		{4DC1603E-1EB1-40BE-AF82-637820765659}.Release|Any CPU.ActiveCfg = Release|Win32
		{4DC1603E-1EB1-40BE-AF82-637820765659}.Release|Any CPU.Build.0 = Release|Win32
		{4DC1603E-1EB1-40BE-AF82-637820765659}.Release|Mixed Platforms.ActiveCfg = Release|Win32
		{4DC1603E-1EB1-40BE-AF82-637820765659}.Release|Mixed Platforms.Build.0 = Release|Win32
		{4DC1603E-1EB1-40BE-AF82-637820765659}.Release|Win32.ActiveCfg = Release|Win32
		{4DC1603E-1EB1-40BE-AF82-637820765659}.Release|Win32.Build.0 = Release|Win32
		{4DC1603E-1EB1-40BE-AF82-637820765659}.Release|x86.ActiveCfg = Release|Win32
		{4DC1603E-1EB1-40BE-AF82-637820765659}.Release|x86.Build.0 = Release|Win32
		{F9553086-E8BE-463B-9A68-1F7794EB060D}.Debug|Any CPU.ActiveCfg = Debug|Win32
		{F9553086-E8BE-463B-9A68-1F7794EB060D}.Debug|Any CPU.Build.0 = Debug|Win32
		{F9553086-E8BE-463B-9A68-1F7794EB060D}.Debug|Mixed Platforms.ActiveCfg = Debug|Win32
		{F9553086-E8BE-463B-9A68-1F7794EB060D}.Debug|Mixed Platforms.Build.0 = Debug|Win32
		{F9553086-E8BE-463B-9A68-1F7794EB060D}.Debug|Win32.ActiveCfg = Debug|Win32
		{F9553086-E8BE-463B-9A68-1F7794EB060D}.Debug|Win32.Build.0 = Debug|Win32
		{F9553086-E8BE-463B-9A68-1F7794EB060D}.Debug|x86.ActiveCfg = Debug|Win32
		{F9553086-E8BE-463B-9A68-1F7794EB060D}.Debug|x86.Build.0 = Debug|Win32
		{F9553086-E8BE-463B-9A68-1F7794EB060D}.Release|Any CPU.ActiveCfg = Release|Win32
		{F9553086-E8BE-463B-9A68-1F7794EB060D}.Release|Any CPU.Build.0 = Release|Win32
		{F9553086-E8BE-463B-9A68-1F7794EB060D}.Release|Mixed Platforms.ActiveCfg = Release|Win32
		{F9553086-E8BE-463B-9A68-1F7794EB060D}.Release|Mixed Platforms.Build.0 = Release|Win32
		{F9553086-E8BE-463B-9A68-1F7794EB060D}.Release|Win32.ActiveCfg = Release|Win32
		{F9553086-E8BE-463B-9A68-1F7794EB060D}.Release|Win32.Build.0 = Release|Win32
		{F9553086-E8BE-463B-9A68-1F7794EB060D}.Release|x86.ActiveCfg = Release|Win32
		{F9553086-E8BE-463B-9A68-1F7794EB060D}.Release|x86.Build.0 = Release|Win32
		{696E929A-6A4A-4C6D-A8B2-C4F25F781940}.Debug|Any CPU.ActiveCfg = Debug|x86
		{696E929A-6A4A-4C6D-A8B2-C4F25F781940}.Debug|Any CPU.Build.0 = Debug|x86
		{696E929A-6A4A-4C6D-A8B2-C4F25F781940}.Debug|Mixed Platforms.ActiveCfg = Debug|x86
		{696E929A-6A4A-4C6D-A8B2-C4F25F781940}.Debug|Mixed Platforms.Build.0 = Debug|x86
		{696E929A-6A4A-4C6D-A8B2-C4F25F781940}.Debug|Win32.ActiveCfg = Debug|x86
		{696E929A-6A4A-4C6D-A8B2-C4F25F781940}.Debug|x86.ActiveCfg = Debug|x86
		{696E929A-6A4A-4C6D-A8B2-C4F25F781940}.Debug|x86.Build.0 = Debug|x86
		{696E929A-6A4A-4C6D-A8B2-C4F25F781940}.Release|Any CPU.ActiveCfg = Release|x86
		{696E929A-6A4A-4C6D-A8B2-C4F25F781940}.Release|Any CPU.Build.0 = Release|x86
		{696E929A-6A4A-4C6D-A8B2-C4F25F781940}.Release|Mixed Platforms.ActiveCfg = Release|x86
		{696E929A-6A4A-4C6D-A8B2-C4F25F781940}.Release|Mixed Platforms.Build.0 = Release|x86
		{696E929A-6A4A-4C6D-A8B2-C4F25F781940}.Release|Win32.ActiveCfg = Release|x86
		{696E929A-6A4A-4C6D-A8B2-C4F25F781940}.Release|x86.ActiveCfg = Release|x86
		{696E929A-6A4A-4C6D-A8B2-C4F25F781940}.Release|x86.Build.0 = Release|x86
		{C61CB94F-31DF-48BE-8053-FCE7DC6ECD7F}.Debug|Any CPU.ActiveCfg = Debug|Any CPU
		{C61CB94F-31DF-48BE-8053-FCE7DC6ECD7F}.Debug|Any CPU.Build.0 = Debug|Any CPU
		{C61CB94F-31DF-48BE-8053-FCE7DC6ECD7F}.Debug|Mixed Platforms.ActiveCfg = Debug|x86
		{C61CB94F-31DF-48BE-8053-FCE7DC6ECD7F}.Debug|Mixed Platforms.Build.0 = Debug|x86
		{C61CB94F-31DF-48BE-8053-FCE7DC6ECD7F}.Debug|Win32.ActiveCfg = Debug|Any CPU
		{C61CB94F-31DF-48BE-8053-FCE7DC6ECD7F}.Debug|x86.ActiveCfg = Debug|Any CPU
		{C61CB94F-31DF-48BE-8053-FCE7DC6ECD7F}.Release|Any CPU.ActiveCfg = Release|Any CPU
		{C61CB94F-31DF-48BE-8053-FCE7DC6ECD7F}.Release|Any CPU.Build.0 = Release|Any CPU
		{C61CB94F-31DF-48BE-8053-FCE7DC6ECD7F}.Release|Mixed Platforms.ActiveCfg = Release|Any CPU
		{C61CB94F-31DF-48BE-8053-FCE7DC6ECD7F}.Release|Mixed Platforms.Build.0 = Release|Any CPU
		{C61CB94F-31DF-48BE-8053-FCE7DC6ECD7F}.Release|Win32.ActiveCfg = Release|Any CPU
		{C61CB94F-31DF-48BE-8053-FCE7DC6ECD7F}.Release|x86.ActiveCfg = Release|Any CPU
	EndGlobalSection
	GlobalSection(SolutionProperties) = preSolution
		HideSolutionNode = FALSE
	EndGlobalSection
EndGlobal
