
Microsoft Visual Studio Solution File, Format Version 9.00
# Visual Studio 2005
Project("{FAE04EC0-301F-11D3-BF4B-00C04F79EFBC}") = "EVEMon", "EVEMon.csproj", "{A2E5EFE0-614A-4567-95E5-92A4D94169AC}"
	ProjectSection(ProjectDependencies) = postProject
		{F9553086-E8BE-463B-9A68-1F7794EB060D} = {F9553086-E8BE-463B-9A68-1F7794EB060D}
	EndProjectSection
EndProject
Project("{FAE04EC0-301F-11D3-BF4B-00C04F79EFBC}") = "EVEMon.Common", "EVEMon.Common\EVEMon.Common.csproj", "{C0665275-3E0B-4117-81B0-751206ED03CD}"
EndProject
Project("{FAE04EC0-301F-11D3-BF4B-00C04F79EFBC}") = "EVEMon.NetworkLogger", "EVEMon.NetworkLogger\EVEMon.NetworkLogger.csproj", "{45877BAD-6688-42DF-A110-DBE9839F99D0}"
EndProject
Project("{8BC9CEB8-8B4A-11D0-8D11-00A0C91BC942}") = "EVEMon.WinHook", "EVEMon.WinHook\EVEMon.WinHook.vcproj", "{F9553086-E8BE-463B-9A68-1F7794EB060D}"
EndProject
Project("{FAE04EC0-301F-11D3-BF4B-00C04F79EFBC}") = "EVEMon.WindowRelocator", "EVEMon.WindowRelocator\EVEMon.WindowRelocator.csproj", "{F0627E15-E8DF-404F-BF82-C48D890F9C5C}"
EndProject
Project("{FAE04EC0-301F-11D3-BF4B-00C04F79EFBC}") = "EVEMon.Sales", "EVEMon.Sales\EVEMon.Sales.csproj", "{097C8821-39BB-446D-87E1-5D24E9115CFB}"
EndProject
Global
	GlobalSection(SolutionConfigurationPlatforms) = preSolution
		Debug|x86 = Debug|x86
		Release|x86 = Release|x86
	EndGlobalSection
	GlobalSection(ProjectConfigurationPlatforms) = postSolution
		{A2E5EFE0-614A-4567-95E5-92A4D94169AC}.Debug|x86.ActiveCfg = Debug|x86
		{A2E5EFE0-614A-4567-95E5-92A4D94169AC}.Debug|x86.Build.0 = Debug|x86
		{A2E5EFE0-614A-4567-95E5-92A4D94169AC}.Release|x86.ActiveCfg = Release|x86
		{A2E5EFE0-614A-4567-95E5-92A4D94169AC}.Release|x86.Build.0 = Release|x86
		{C0665275-3E0B-4117-81B0-751206ED03CD}.Debug|x86.ActiveCfg = Debug|x86
		{C0665275-3E0B-4117-81B0-751206ED03CD}.Debug|x86.Build.0 = Debug|x86
		{C0665275-3E0B-4117-81B0-751206ED03CD}.Release|x86.ActiveCfg = Release|x86
		{C0665275-3E0B-4117-81B0-751206ED03CD}.Release|x86.Build.0 = Release|x86
		{45877BAD-6688-42DF-A110-DBE9839F99D0}.Debug|x86.ActiveCfg = Debug|x86
		{45877BAD-6688-42DF-A110-DBE9839F99D0}.Debug|x86.Build.0 = Debug|x86
		{45877BAD-6688-42DF-A110-DBE9839F99D0}.Release|x86.ActiveCfg = Release|x86
		{45877BAD-6688-42DF-A110-DBE9839F99D0}.Release|x86.Build.0 = Release|x86
		{5CE8E302-3577-41BC-A35F-C88AC625F7A7}.Debug|x86.ActiveCfg = Release|x86
		{5CE8E302-3577-41BC-A35F-C88AC625F7A7}.Release|x86.ActiveCfg = Release|x86
		{F9553086-E8BE-463B-9A68-1F7794EB060D}.Debug|x86.ActiveCfg = Debug|Win32
		{F9553086-E8BE-463B-9A68-1F7794EB060D}.Debug|x86.Build.0 = Debug|Win32
		{F9553086-E8BE-463B-9A68-1F7794EB060D}.Release|x86.ActiveCfg = Release|Win32
		{F9553086-E8BE-463B-9A68-1F7794EB060D}.Release|x86.Build.0 = Release|Win32
		{F0627E15-E8DF-404F-BF82-C48D890F9C5C}.Debug|x86.ActiveCfg = Debug|x86
		{F0627E15-E8DF-404F-BF82-C48D890F9C5C}.Debug|x86.Build.0 = Debug|x86
		{F0627E15-E8DF-404F-BF82-C48D890F9C5C}.Release|x86.ActiveCfg = Release|x86
		{F0627E15-E8DF-404F-BF82-C48D890F9C5C}.Release|x86.Build.0 = Release|x86
		{097C8821-39BB-446D-87E1-5D24E9115CFB}.Debug|x86.ActiveCfg = Debug|x86
		{097C8821-39BB-446D-87E1-5D24E9115CFB}.Debug|x86.Build.0 = Debug|x86
		{097C8821-39BB-446D-87E1-5D24E9115CFB}.Release|x86.ActiveCfg = Release|x86
		{097C8821-39BB-446D-87E1-5D24E9115CFB}.Release|x86.Build.0 = Release|x86
	EndGlobalSection
	GlobalSection(SolutionProperties) = preSolution
		HideSolutionNode = FALSE
	EndGlobalSection
EndGlobal
