
Microsoft Visual Studio Solution File, Format Version 12.00
# Visual Studio 14
VisualStudioVersion = 14.0.25420.1
MinimumVisualStudioVersion = 10.0.40219.1
Project("{2150E333-8FDC-42A3-9474-1A3956D46DE8}") = "src", "src", "{D7B1651B-8895-4254-8EBF-029CBEE3C1E3}"
EndProject
Project("{2150E333-8FDC-42A3-9474-1A3956D46DE8}") = "tests", "tests", "{B2FD94FF-A895-4519-A97F-6DEA32F15F8E}"
EndProject
Project("{2150E333-8FDC-42A3-9474-1A3956D46DE8}") = "tools", "tools", "{9AB16E7E-E520-4444-8E8E-165129CC93B3}"
EndProject
Project("{FAE04EC0-301F-11D3-BF4B-00C04F79EFBC}") = "EVEMon", "src\EVEMon\EVEMon.csproj", "{A2E5EFE0-614A-4567-95E5-92A4D94169AC}"
	ProjectSection(ProjectDependencies) = postProject
		{696E929A-6A4A-4C6D-A8B2-C4F25F781940} = {696E929A-6A4A-4C6D-A8B2-C4F25F781940}
		{8C4A87A0-780E-4765-ADD0-146091FE26F4} = {8C4A87A0-780E-4765-ADD0-146091FE26F4}
		{87682BB1-CCE5-4CA4-BDE8-1A2ACF0B3CE0} = {87682BB1-CCE5-4CA4-BDE8-1A2ACF0B3CE0}
	EndProjectSection
EndProject
Project("{FAE04EC0-301F-11D3-BF4B-00C04F79EFBC}") = "EVEMon.Common", "src\EVEMon.Common\EVEMon.Common.csproj", "{C0665275-3E0B-4117-81B0-751206ED03CD}"
EndProject
Project("{FAE04EC0-301F-11D3-BF4B-00C04F79EFBC}") = "EVEMon.LogitechG15", "src\EVEMon.LogitechG15\EVEMon.LogitechG15.csproj", "{3067BDFB-C02D-4CAF-96AA-4D8F9F986180}"
EndProject
Project("{FAE04EC0-301F-11D3-BF4B-00C04F79EFBC}") = "EVEMon.PieChart", "src\EVEMon.PieChart\EVEMon.PieChart.csproj", "{696E929A-6A4A-4C6D-A8B2-C4F25F781940}"
EndProject
Project("{FAE04EC0-301F-11D3-BF4B-00C04F79EFBC}") = "EVEMon.WindowsApi", "src\EVEMon.WindowsApi\EVEMon.WindowsApi.csproj", "{D942D976-6185-4ECD-A83B-60260100D12E}"
EndProject
Project("{FAE04EC0-301F-11D3-BF4B-00C04F79EFBC}") = "EVEMon.Watchdog", "src\EVEMon.Watchdog\EVEMon.Watchdog.csproj", "{8C4A87A0-780E-4765-ADD0-146091FE26F4}"
EndProject
Project("{FAE04EC0-301F-11D3-BF4B-00C04F79EFBC}") = "Tests.EVEMon.Common", "tests\Tests.EVEMon.Common\Tests.EVEMon.Common.csproj", "{C61CB94F-31DF-48BE-8053-FCE7DC6ECD7F}"
EndProject
Project("{FAE04EC0-301F-11D3-BF4B-00C04F79EFBC}") = "InstallBuilder", "tools\InstallBuilder\InstallBuilder.csproj", "{5CE8E302-3577-41BC-A35F-C88AC625F7A7}"
	ProjectSection(ProjectDependencies) = postProject
		{87682BB1-CCE5-4CA4-BDE8-1A2ACF0B3CE0} = {87682BB1-CCE5-4CA4-BDE8-1A2ACF0B3CE0}
		{A2E5EFE0-614A-4567-95E5-92A4D94169AC} = {A2E5EFE0-614A-4567-95E5-92A4D94169AC}
	EndProjectSection
EndProject
Project("{FAE04EC0-301F-11D3-BF4B-00C04F79EFBC}") = "XmlGenerator", "tools\XmlGenerator\XmlGenerator.csproj", "{9366D54A-B516-4A1D-987B-B1BCE31D2A72}"
EndProject
Project("{FAE04EC0-301F-11D3-BF4B-00C04F79EFBC}") = "PatchXmlCreator", "tools\PatchXmlCreator\PatchXmlCreator.csproj", "{E6907BAD-CDF4-4B3C-AF2E-E854D2E2D959}"
EndProject
Project("{FAE04EC0-301F-11D3-BF4B-00C04F79EFBC}") = "ResFileCreator", "tools\ResFileCreator\ResFileCreator.csproj", "{87682BB1-CCE5-4CA4-BDE8-1A2ACF0B3CE0}"
EndProject
Project("{2150E333-8FDC-42A3-9474-1A3956D46DE8}") = "Solution Items", "Solution Items", "{A7AC1A9C-97FC-4937-A8CA-684650A99D01}"
	ProjectSection(SolutionItems) = preProject
		.editorconfig = .editorconfig
		SharedAssemblyInfo.cs = SharedAssemblyInfo.cs
		SharedAssemblyInfo.template.cs = SharedAssemblyInfo.template.cs
	EndProjectSection
EndProject
Project("{FAE04EC0-301F-11D3-BF4B-00C04F79EFBC}") = "Tests.EVEMon", "tests\Tests.EVEMon\Tests.EVEMon.csproj", "{FD639BF6-3414-4FB2-8325-61744D44F028}"
EndProject
Project("{FAE04EC0-301F-11D3-BF4B-00C04F79EFBC}") = "Tests.Helpers", "tests\Tests.Helpers\Tests.Helpers.csproj", "{1917E258-0979-4333-8B20-5D66E8986E1C}"
EndProject
Global
	GlobalSection(SolutionConfigurationPlatforms) = preSolution
		Debug|Any CPU = Debug|Any CPU
		Release|Any CPU = Release|Any CPU
		Snapshot|Any CPU = Snapshot|Any CPU
	EndGlobalSection
	GlobalSection(ProjectConfigurationPlatforms) = postSolution
		{A2E5EFE0-614A-4567-95E5-92A4D94169AC}.Debug|Any CPU.ActiveCfg = Debug|Any CPU
		{A2E5EFE0-614A-4567-95E5-92A4D94169AC}.Debug|Any CPU.Build.0 = Debug|Any CPU
		{A2E5EFE0-614A-4567-95E5-92A4D94169AC}.Release|Any CPU.ActiveCfg = Release|Any CPU
		{A2E5EFE0-614A-4567-95E5-92A4D94169AC}.Release|Any CPU.Build.0 = Release|Any CPU
		{A2E5EFE0-614A-4567-95E5-92A4D94169AC}.Snapshot|Any CPU.ActiveCfg = Snapshot|Any CPU
		{A2E5EFE0-614A-4567-95E5-92A4D94169AC}.Snapshot|Any CPU.Build.0 = Snapshot|Any CPU
		{C0665275-3E0B-4117-81B0-751206ED03CD}.Debug|Any CPU.ActiveCfg = Debug|Any CPU
		{C0665275-3E0B-4117-81B0-751206ED03CD}.Debug|Any CPU.Build.0 = Debug|Any CPU
		{C0665275-3E0B-4117-81B0-751206ED03CD}.Release|Any CPU.ActiveCfg = Release|Any CPU
		{C0665275-3E0B-4117-81B0-751206ED03CD}.Release|Any CPU.Build.0 = Release|Any CPU
		{C0665275-3E0B-4117-81B0-751206ED03CD}.Snapshot|Any CPU.ActiveCfg = Snapshot|Any CPU
		{C0665275-3E0B-4117-81B0-751206ED03CD}.Snapshot|Any CPU.Build.0 = Snapshot|Any CPU
		{3067BDFB-C02D-4CAF-96AA-4D8F9F986180}.Debug|Any CPU.ActiveCfg = Debug|Any CPU
		{3067BDFB-C02D-4CAF-96AA-4D8F9F986180}.Debug|Any CPU.Build.0 = Debug|Any CPU
		{3067BDFB-C02D-4CAF-96AA-4D8F9F986180}.Release|Any CPU.ActiveCfg = Release|Any CPU
		{3067BDFB-C02D-4CAF-96AA-4D8F9F986180}.Release|Any CPU.Build.0 = Release|Any CPU
		{3067BDFB-C02D-4CAF-96AA-4D8F9F986180}.Snapshot|Any CPU.ActiveCfg = Snapshot|Any CPU
		{3067BDFB-C02D-4CAF-96AA-4D8F9F986180}.Snapshot|Any CPU.Build.0 = Snapshot|Any CPU
		{696E929A-6A4A-4C6D-A8B2-C4F25F781940}.Debug|Any CPU.ActiveCfg = Debug|Any CPU
		{696E929A-6A4A-4C6D-A8B2-C4F25F781940}.Debug|Any CPU.Build.0 = Debug|Any CPU
		{696E929A-6A4A-4C6D-A8B2-C4F25F781940}.Release|Any CPU.ActiveCfg = Release|Any CPU
		{696E929A-6A4A-4C6D-A8B2-C4F25F781940}.Release|Any CPU.Build.0 = Release|Any CPU
		{696E929A-6A4A-4C6D-A8B2-C4F25F781940}.Snapshot|Any CPU.ActiveCfg = Snapshot|Any CPU
		{696E929A-6A4A-4C6D-A8B2-C4F25F781940}.Snapshot|Any CPU.Build.0 = Snapshot|Any CPU
		{D942D976-6185-4ECD-A83B-60260100D12E}.Debug|Any CPU.ActiveCfg = Debug|Any CPU
		{D942D976-6185-4ECD-A83B-60260100D12E}.Debug|Any CPU.Build.0 = Debug|Any CPU
		{D942D976-6185-4ECD-A83B-60260100D12E}.Release|Any CPU.ActiveCfg = Release|Any CPU
		{D942D976-6185-4ECD-A83B-60260100D12E}.Release|Any CPU.Build.0 = Release|Any CPU
		{D942D976-6185-4ECD-A83B-60260100D12E}.Snapshot|Any CPU.ActiveCfg = Snapshot|Any CPU
		{D942D976-6185-4ECD-A83B-60260100D12E}.Snapshot|Any CPU.Build.0 = Snapshot|Any CPU
		{8C4A87A0-780E-4765-ADD0-146091FE26F4}.Debug|Any CPU.ActiveCfg = Debug|Any CPU
		{8C4A87A0-780E-4765-ADD0-146091FE26F4}.Debug|Any CPU.Build.0 = Debug|Any CPU
		{8C4A87A0-780E-4765-ADD0-146091FE26F4}.Release|Any CPU.ActiveCfg = Release|Any CPU
		{8C4A87A0-780E-4765-ADD0-146091FE26F4}.Release|Any CPU.Build.0 = Release|Any CPU
		{8C4A87A0-780E-4765-ADD0-146091FE26F4}.Snapshot|Any CPU.ActiveCfg = Snapshot|Any CPU
		{8C4A87A0-780E-4765-ADD0-146091FE26F4}.Snapshot|Any CPU.Build.0 = Snapshot|Any CPU
		{C61CB94F-31DF-48BE-8053-FCE7DC6ECD7F}.Debug|Any CPU.ActiveCfg = Debug|Any CPU
		{C61CB94F-31DF-48BE-8053-FCE7DC6ECD7F}.Debug|Any CPU.Build.0 = Debug|Any CPU
		{C61CB94F-31DF-48BE-8053-FCE7DC6ECD7F}.Release|Any CPU.ActiveCfg = Release|Any CPU
		{C61CB94F-31DF-48BE-8053-FCE7DC6ECD7F}.Snapshot|Any CPU.ActiveCfg = Snapshot|Any CPU
		{5CE8E302-3577-41BC-A35F-C88AC625F7A7}.Debug|Any CPU.ActiveCfg = Debug|Any CPU
		{5CE8E302-3577-41BC-A35F-C88AC625F7A7}.Debug|Any CPU.Build.0 = Debug|Any CPU
		{5CE8E302-3577-41BC-A35F-C88AC625F7A7}.Release|Any CPU.ActiveCfg = Release|Any CPU
		{5CE8E302-3577-41BC-A35F-C88AC625F7A7}.Release|Any CPU.Build.0 = Release|Any CPU
		{5CE8E302-3577-41BC-A35F-C88AC625F7A7}.Snapshot|Any CPU.ActiveCfg = Snapshot|Any CPU
		{5CE8E302-3577-41BC-A35F-C88AC625F7A7}.Snapshot|Any CPU.Build.0 = Snapshot|Any CPU
		{9366D54A-B516-4A1D-987B-B1BCE31D2A72}.Debug|Any CPU.ActiveCfg = Debug|Any CPU
		{9366D54A-B516-4A1D-987B-B1BCE31D2A72}.Debug|Any CPU.Build.0 = Debug|Any CPU
		{9366D54A-B516-4A1D-987B-B1BCE31D2A72}.Release|Any CPU.ActiveCfg = Release|Any CPU
		{9366D54A-B516-4A1D-987B-B1BCE31D2A72}.Snapshot|Any CPU.ActiveCfg = Snapshot|Any CPU
		{E6907BAD-CDF4-4B3C-AF2E-E854D2E2D959}.Debug|Any CPU.ActiveCfg = Debug|Any CPU
		{E6907BAD-CDF4-4B3C-AF2E-E854D2E2D959}.Debug|Any CPU.Build.0 = Debug|Any CPU
		{E6907BAD-CDF4-4B3C-AF2E-E854D2E2D959}.Release|Any CPU.ActiveCfg = Release|Any CPU
		{E6907BAD-CDF4-4B3C-AF2E-E854D2E2D959}.Snapshot|Any CPU.ActiveCfg = Snapshot|Any CPU
		{87682BB1-CCE5-4CA4-BDE8-1A2ACF0B3CE0}.Debug|Any CPU.ActiveCfg = Debug|Any CPU
		{87682BB1-CCE5-4CA4-BDE8-1A2ACF0B3CE0}.Debug|Any CPU.Build.0 = Debug|Any CPU
		{87682BB1-CCE5-4CA4-BDE8-1A2ACF0B3CE0}.Release|Any CPU.ActiveCfg = Release|Any CPU
		{87682BB1-CCE5-4CA4-BDE8-1A2ACF0B3CE0}.Release|Any CPU.Build.0 = Release|Any CPU
		{87682BB1-CCE5-4CA4-BDE8-1A2ACF0B3CE0}.Snapshot|Any CPU.ActiveCfg = Snapshot|Any CPU
		{87682BB1-CCE5-4CA4-BDE8-1A2ACF0B3CE0}.Snapshot|Any CPU.Build.0 = Snapshot|Any CPU
		{FD639BF6-3414-4FB2-8325-61744D44F028}.Debug|Any CPU.ActiveCfg = Debug|Any CPU
		{FD639BF6-3414-4FB2-8325-61744D44F028}.Debug|Any CPU.Build.0 = Debug|Any CPU
		{FD639BF6-3414-4FB2-8325-61744D44F028}.Release|Any CPU.ActiveCfg = Release|Any CPU
		{FD639BF6-3414-4FB2-8325-61744D44F028}.Snapshot|Any CPU.ActiveCfg = Snapshot|Any CPU
		{1917E258-0979-4333-8B20-5D66E8986E1C}.Debug|Any CPU.ActiveCfg = Debug|Any CPU
		{1917E258-0979-4333-8B20-5D66E8986E1C}.Debug|Any CPU.Build.0 = Debug|Any CPU
		{1917E258-0979-4333-8B20-5D66E8986E1C}.Release|Any CPU.ActiveCfg = Release|Any CPU
		{1917E258-0979-4333-8B20-5D66E8986E1C}.Snapshot|Any CPU.ActiveCfg = Snapshot|Any CPU
	EndGlobalSection
	GlobalSection(SolutionProperties) = preSolution
		HideSolutionNode = FALSE
	EndGlobalSection
	GlobalSection(NestedProjects) = preSolution
		{A2E5EFE0-614A-4567-95E5-92A4D94169AC} = {D7B1651B-8895-4254-8EBF-029CBEE3C1E3}
		{C0665275-3E0B-4117-81B0-751206ED03CD} = {D7B1651B-8895-4254-8EBF-029CBEE3C1E3}
		{3067BDFB-C02D-4CAF-96AA-4D8F9F986180} = {D7B1651B-8895-4254-8EBF-029CBEE3C1E3}
		{696E929A-6A4A-4C6D-A8B2-C4F25F781940} = {D7B1651B-8895-4254-8EBF-029CBEE3C1E3}
		{D942D976-6185-4ECD-A83B-60260100D12E} = {D7B1651B-8895-4254-8EBF-029CBEE3C1E3}
		{8C4A87A0-780E-4765-ADD0-146091FE26F4} = {D7B1651B-8895-4254-8EBF-029CBEE3C1E3}
		{C61CB94F-31DF-48BE-8053-FCE7DC6ECD7F} = {B2FD94FF-A895-4519-A97F-6DEA32F15F8E}
		{5CE8E302-3577-41BC-A35F-C88AC625F7A7} = {9AB16E7E-E520-4444-8E8E-165129CC93B3}
		{9366D54A-B516-4A1D-987B-B1BCE31D2A72} = {9AB16E7E-E520-4444-8E8E-165129CC93B3}
		{E6907BAD-CDF4-4B3C-AF2E-E854D2E2D959} = {9AB16E7E-E520-4444-8E8E-165129CC93B3}
		{87682BB1-CCE5-4CA4-BDE8-1A2ACF0B3CE0} = {9AB16E7E-E520-4444-8E8E-165129CC93B3}
		{FD639BF6-3414-4FB2-8325-61744D44F028} = {B2FD94FF-A895-4519-A97F-6DEA32F15F8E}
		{1917E258-0979-4333-8B20-5D66E8986E1C} = {B2FD94FF-A895-4519-A97F-6DEA32F15F8E}
	EndGlobalSection
EndGlobal
